
Microsoft Visual Studio Solution File, Format Version 12.00
# Visual Studio 15
VisualStudioVersion = 15.0.26730.12
MinimumVisualStudioVersion = 10.0.40219.1
Project("{9A19103F-16F7-4668-BE54-9A1E7A4F7556}") = "DMG.Api", "DMG.Api\DMG.Api.csproj", "{372AD440-8C3D-4F9B-BC21-CA84195A70E8}"
EndProject
Project("{FAE04EC0-301F-11D3-BF4B-00C04F79EFBC}") = "DMG.Model", "DMG.Model\DMG.Model.csproj", "{A9CEFB48-C516-4DC5-8023-4C24AF141144}"
EndProject
Project("{FAE04EC0-301F-11D3-BF4B-00C04F79EFBC}") = "DMG.Business", "DMG.Business\DMG.Business.csproj", "{3E72EDC4-D96F-43F6-9D49-E4F23A7A39F3}"
EndProject
Global
	GlobalSection(SolutionConfigurationPlatforms) = preSolution
		Debug|Any CPU = Debug|Any CPU
		Release|Any CPU = Release|Any CPU
	EndGlobalSection
	GlobalSection(ProjectConfigurationPlatforms) = postSolution
		{372AD440-8C3D-4F9B-BC21-CA84195A70E8}.Debug|Any CPU.ActiveCfg = Debug|Any CPU
		{372AD440-8C3D-4F9B-BC21-CA84195A70E8}.Debug|Any CPU.Build.0 = Debug|Any CPU
		{372AD440-8C3D-4F9B-BC21-CA84195A70E8}.Release|Any CPU.ActiveCfg = Release|Any CPU
		{372AD440-8C3D-4F9B-BC21-CA84195A70E8}.Release|Any CPU.Build.0 = Release|Any CPU
		{A9CEFB48-C516-4DC5-8023-4C24AF141144}.Debug|Any CPU.ActiveCfg = Debug|Any CPU
		{A9CEFB48-C516-4DC5-8023-4C24AF141144}.Debug|Any CPU.Build.0 = Debug|Any CPU
		{A9CEFB48-C516-4DC5-8023-4C24AF141144}.Release|Any CPU.ActiveCfg = Release|Any CPU
		{A9CEFB48-C516-4DC5-8023-4C24AF141144}.Release|Any CPU.Build.0 = Release|Any CPU
		{3E72EDC4-D96F-43F6-9D49-E4F23A7A39F3}.Debug|Any CPU.ActiveCfg = Debug|Any CPU
		{3E72EDC4-D96F-43F6-9D49-E4F23A7A39F3}.Debug|Any CPU.Build.0 = Debug|Any CPU
		{3E72EDC4-D96F-43F6-9D49-E4F23A7A39F3}.Release|Any CPU.ActiveCfg = Release|Any CPU
		{3E72EDC4-D96F-43F6-9D49-E4F23A7A39F3}.Release|Any CPU.Build.0 = Release|Any CPU
	EndGlobalSection
	GlobalSection(SolutionProperties) = preSolution
		HideSolutionNode = FALSE
	EndGlobalSection
	GlobalSection(ExtensibilityGlobals) = postSolution
		SolutionGuid = {C25D3771-B855-4403-9199-B2437F86A385}
	EndGlobalSection
EndGlobal
